
Microsoft Visual Studio Solution File, Format Version 12.00
# Visual Studio Version 17
VisualStudioVersion = 17.2.32630.192
MinimumVisualStudioVersion = 10.0.40219.1
Project("{FAE04EC0-301F-11D3-BF4B-00C04F79EFBC}") = "DemoMvc", "DemoMvc\DemoMvc.csproj", "{7C51CAED-DE9C-470C-A566-8B5C7D40C12C}"
EndProject
Global
	GlobalSection(SolutionConfigurationPlatforms) = preSolution
		Debug|Any CPU = Debug|Any CPU
		Release|Any CPU = Release|Any CPU
	EndGlobalSection
	GlobalSection(ProjectConfigurationPlatforms) = postSolution
		{7C51CAED-DE9C-470C-A566-8B5C7D40C12C}.Debug|Any CPU.ActiveCfg = Debug|Any CPU
		{7C51CAED-DE9C-470C-A566-8B5C7D40C12C}.Debug|Any CPU.Build.0 = Debug|Any CPU
		{7C51CAED-DE9C-470C-A566-8B5C7D40C12C}.Release|Any CPU.ActiveCfg = Release|Any CPU
		{7C51CAED-DE9C-470C-A566-8B5C7D40C12C}.Release|Any CPU.Build.0 = Release|Any CPU
	EndGlobalSection
	GlobalSection(SolutionProperties) = preSolution
		HideSolutionNode = FALSE
	EndGlobalSection
	GlobalSection(ExtensibilityGlobals) = postSolution
		SolutionGuid = {53369B9C-4067-4D61-8EFC-87C6A506C5AF}
	EndGlobalSection
EndGlobal
